// !$*UTF8*$!
{
	archiveVersion = 1;
	classes = {
	};
	objectVersion = 46;
	objects = {

/* Begin PBXBuildFile section */
		473A1BF61E142E410069D5DC /* AppDelegate.swift in Sources */ = {isa = PBXBuildFile; fileRef = 473A1BF51E142E410069D5DC /* AppDelegate.swift */; };
		473A1BFB1E142E410069D5DC /* Main.storyboard in Resources */ = {isa = PBXBuildFile; fileRef = 473A1BF91E142E410069D5DC /* Main.storyboard */; };
		473A1BFD1E142E410069D5DC /* Assets.xcassets in Resources */ = {isa = PBXBuildFile; fileRef = 473A1BFC1E142E410069D5DC /* Assets.xcassets */; };
		473A1C001E142E410069D5DC /* LaunchScreen.storyboard in Resources */ = {isa = PBXBuildFile; fileRef = 473A1BFE1E142E410069D5DC /* LaunchScreen.storyboard */; };
		473A1C081E1430050069D5DC /* Alamofire.framework in Frameworks */ = {isa = PBXBuildFile; fileRef = 473A1C071E1430050069D5DC /* Alamofire.framework */; };
		473A1C091E1430050069D5DC /* Alamofire.framework in Embed Frameworks */ = {isa = PBXBuildFile; fileRef = 473A1C071E1430050069D5DC /* Alamofire.framework */; settings = {ATTRIBUTES = (CodeSignOnCopy, RemoveHeadersOnCopy, ); }; };
		473A1C101E1430950069D5DC /* Hotel.swift in Sources */ = {isa = PBXBuildFile; fileRef = 473A1C0F1E1430950069D5DC /* Hotel.swift */; };
		473A1C121E14314E0069D5DC /* REST.swift in Sources */ = {isa = PBXBuildFile; fileRef = 473A1C111E14314E0069D5DC /* REST.swift */; };
		473A1C151E1431B70069D5DC /* URLs.swift in Sources */ = {isa = PBXBuildFile; fileRef = 473A1C141E1431B70069D5DC /* URLs.swift */; };
		473A1C1B1E1450DA0069D5DC /* ImageCacheManager.swift in Sources */ = {isa = PBXBuildFile; fileRef = 473A1C1A1E1450DA0069D5DC /* ImageCacheManager.swift */; };
		473A1C201E145E840069D5DC /* HotelsCollectionViewController.swift in Sources */ = {isa = PBXBuildFile; fileRef = 473A1C1F1E145E840069D5DC /* HotelsCollectionViewController.swift */; };
		473A1C231E145F150069D5DC /* HotelCollectionViewCell.xib in Resources */ = {isa = PBXBuildFile; fileRef = 473A1C221E145F150069D5DC /* HotelCollectionViewCell.xib */; };
		473A1C251E1460230069D5DC /* HotelCollectionViewCell.swift in Sources */ = {isa = PBXBuildFile; fileRef = 473A1C241E1460230069D5DC /* HotelCollectionViewCell.swift */; };
		473A1C271E1478FC0069D5DC /* DetailViewController.swift in Sources */ = {isa = PBXBuildFile; fileRef = 473A1C261E1478FC0069D5DC /* DetailViewController.swift */; };
		473A1C291E148CB30069D5DC /* ImageViewController.swift in Sources */ = {isa = PBXBuildFile; fileRef = 473A1C281E148CB30069D5DC /* ImageViewController.swift */; };
		473A1C2C1E15067B0069D5DC /* POI.swift in Sources */ = {isa = PBXBuildFile; fileRef = 473A1C2B1E15067B0069D5DC /* POI.swift */; };
		4777FFD11E1D375B0028207D /* TajawalTests.swift in Sources */ = {isa = PBXBuildFile; fileRef = 4777FFD01E1D375B0028207D /* TajawalTests.swift */; };
/* End PBXBuildFile section */

/* Begin PBXContainerItemProxy section */
		4777FFD31E1D375B0028207D /* PBXContainerItemProxy */ = {
			isa = PBXContainerItemProxy;
			containerPortal = 473A1BEA1E142E410069D5DC /* Project object */;
			proxyType = 1;
			remoteGlobalIDString = 473A1BF11E142E410069D5DC;
			remoteInfo = Tajawal;
		};
/* End PBXContainerItemProxy section */

/* Begin PBXCopyFilesBuildPhase section */
		473A1C0A1E1430050069D5DC /* Embed Frameworks */ = {
			isa = PBXCopyFilesBuildPhase;
			buildActionMask = 2147483647;
			dstPath = "";
			dstSubfolderSpec = 10;
			files = (
				473A1C091E1430050069D5DC /* Alamofire.framework in Embed Frameworks */,
			);
			name = "Embed Frameworks";
			runOnlyForDeploymentPostprocessing = 0;
		};
/* End PBXCopyFilesBuildPhase section */

/* Begin PBXFileReference section */
		473A1BF21E142E410069D5DC /* Tajawal.app */ = {isa = PBXFileReference; explicitFileType = wrapper.application; includeInIndex = 0; path = Tajawal.app; sourceTree = BUILT_PRODUCTS_DIR; };
		473A1BF51E142E410069D5DC /* AppDelegate.swift */ = {isa = PBXFileReference; lastKnownFileType = sourcecode.swift; path = AppDelegate.swift; sourceTree = "<group>"; };
		473A1BFA1E142E410069D5DC /* Base */ = {isa = PBXFileReference; lastKnownFileType = file.storyboard; name = Base; path = Base.lproj/Main.storyboard; sourceTree = "<group>"; };
		473A1BFC1E142E410069D5DC /* Assets.xcassets */ = {isa = PBXFileReference; lastKnownFileType = folder.assetcatalog; path = Assets.xcassets; sourceTree = "<group>"; };
		473A1BFF1E142E410069D5DC /* Base */ = {isa = PBXFileReference; lastKnownFileType = file.storyboard; name = Base; path = Base.lproj/LaunchScreen.storyboard; sourceTree = "<group>"; };
		473A1C011E142E410069D5DC /* Info.plist */ = {isa = PBXFileReference; lastKnownFileType = text.plist.xml; path = Info.plist; sourceTree = "<group>"; };
		473A1C071E1430050069D5DC /* Alamofire.framework */ = {isa = PBXFileReference; explicitFileType = wrapper.framework; path = Alamofire.framework; sourceTree = BUILT_PRODUCTS_DIR; };
		473A1C0F1E1430950069D5DC /* Hotel.swift */ = {isa = PBXFileReference; fileEncoding = 4; lastKnownFileType = sourcecode.swift; path = Hotel.swift; sourceTree = "<group>"; };
		473A1C111E14314E0069D5DC /* REST.swift */ = {isa = PBXFileReference; fileEncoding = 4; lastKnownFileType = sourcecode.swift; path = REST.swift; sourceTree = "<group>"; };
		473A1C141E1431B70069D5DC /* URLs.swift */ = {isa = PBXFileReference; fileEncoding = 4; lastKnownFileType = sourcecode.swift; path = URLs.swift; sourceTree = "<group>"; };
		473A1C1A1E1450DA0069D5DC /* ImageCacheManager.swift */ = {isa = PBXFileReference; fileEncoding = 4; lastKnownFileType = sourcecode.swift; path = ImageCacheManager.swift; sourceTree = "<group>"; };
		473A1C1F1E145E840069D5DC /* HotelsCollectionViewController.swift */ = {isa = PBXFileReference; fileEncoding = 4; lastKnownFileType = sourcecode.swift; path = HotelsCollectionViewController.swift; sourceTree = "<group>"; };
		473A1C221E145F150069D5DC /* HotelCollectionViewCell.xib */ = {isa = PBXFileReference; fileEncoding = 4; lastKnownFileType = file.xib; path = HotelCollectionViewCell.xib; sourceTree = "<group>"; };
		473A1C241E1460230069D5DC /* HotelCollectionViewCell.swift */ = {isa = PBXFileReference; fileEncoding = 4; lastKnownFileType = sourcecode.swift; path = HotelCollectionViewCell.swift; sourceTree = "<group>"; };
		473A1C261E1478FC0069D5DC /* DetailViewController.swift */ = {isa = PBXFileReference; fileEncoding = 4; lastKnownFileType = sourcecode.swift; path = DetailViewController.swift; sourceTree = "<group>"; };
		473A1C281E148CB30069D5DC /* ImageViewController.swift */ = {isa = PBXFileReference; fileEncoding = 4; lastKnownFileType = sourcecode.swift; path = ImageViewController.swift; sourceTree = "<group>"; };
		473A1C2B1E15067B0069D5DC /* POI.swift */ = {isa = PBXFileReference; fileEncoding = 4; lastKnownFileType = sourcecode.swift; path = POI.swift; sourceTree = "<group>"; };
		4777FFCE1E1D375B0028207D /* TajawalTests.xctest */ = {isa = PBXFileReference; explicitFileType = wrapper.cfbundle; includeInIndex = 0; path = TajawalTests.xctest; sourceTree = BUILT_PRODUCTS_DIR; };
		4777FFD01E1D375B0028207D /* TajawalTests.swift */ = {isa = PBXFileReference; lastKnownFileType = sourcecode.swift; path = TajawalTests.swift; sourceTree = "<group>"; };
		4777FFD21E1D375B0028207D /* Info.plist */ = {isa = PBXFileReference; lastKnownFileType = text.plist.xml; path = Info.plist; sourceTree = "<group>"; };
/* End PBXFileReference section */

/* Begin PBXFrameworksBuildPhase section */
		473A1BEF1E142E410069D5DC /* Frameworks */ = {
			isa = PBXFrameworksBuildPhase;
			buildActionMask = 2147483647;
			files = (
				473A1C081E1430050069D5DC /* Alamofire.framework in Frameworks */,
			);
			runOnlyForDeploymentPostprocessing = 0;
		};
		4777FFCB1E1D375B0028207D /* Frameworks */ = {
			isa = PBXFrameworksBuildPhase;
			buildActionMask = 2147483647;
			files = (
			);
			runOnlyForDeploymentPostprocessing = 0;
		};
/* End PBXFrameworksBuildPhase section */

/* Begin PBXGroup section */
		473A1BE91E142E410069D5DC = {
			isa = PBXGroup;
			children = (
				473A1C071E1430050069D5DC /* Alamofire.framework */,
				473A1BF41E142E410069D5DC /* Tajawal */,
				4777FFCF1E1D375B0028207D /* TajawalTests */,
				473A1BF31E142E410069D5DC /* Products */,
			);
			sourceTree = "<group>";
		};
		473A1BF31E142E410069D5DC /* Products */ = {
			isa = PBXGroup;
			children = (
				473A1BF21E142E410069D5DC /* Tajawal.app */,
				4777FFCE1E1D375B0028207D /* TajawalTests.xctest */,
			);
			name = Products;
			sourceTree = "<group>";
		};
		473A1BF41E142E410069D5DC /* Tajawal */ = {
			isa = PBXGroup;
			children = (
				473A1C2A1E1506440069D5DC /* Navigation */,
				473A1C211E145EE90069D5DC /* Views */,
				473A1C131E14319C0069D5DC /* Constants */,
				473A1C0E1E14305D0069D5DC /* Cell */,
				473A1C0D1E1430560069D5DC /* Controller */,
				473A1C0C1E1430490069D5DC /* Model */,
				473A1C0B1E1430360069D5DC /* Supporting Files */,
			);
			path = Tajawal;
			sourceTree = "<group>";
		};
		473A1C0B1E1430360069D5DC /* Supporting Files */ = {
			isa = PBXGroup;
			children = (
				473A1BF51E142E410069D5DC /* AppDelegate.swift */,
				473A1BFC1E142E410069D5DC /* Assets.xcassets */,
				473A1C011E142E410069D5DC /* Info.plist */,
			);
			name = "Supporting Files";
			sourceTree = "<group>";
		};
		473A1C0C1E1430490069D5DC /* Model */ = {
			isa = PBXGroup;
			children = (
				473A1C0F1E1430950069D5DC /* Hotel.swift */,
				473A1C111E14314E0069D5DC /* REST.swift */,
				473A1C1A1E1450DA0069D5DC /* ImageCacheManager.swift */,
			);
			name = Model;
			sourceTree = "<group>";
		};
		473A1C0D1E1430560069D5DC /* Controller */ = {
			isa = PBXGroup;
			children = (
				473A1C1F1E145E840069D5DC /* HotelsCollectionViewController.swift */,
				473A1C261E1478FC0069D5DC /* DetailViewController.swift */,
				473A1C281E148CB30069D5DC /* ImageViewController.swift */,
			);
			name = Controller;
			sourceTree = "<group>";
		};
		473A1C0E1E14305D0069D5DC /* Cell */ = {
			isa = PBXGroup;
			children = (
				473A1C241E1460230069D5DC /* HotelCollectionViewCell.swift */,
			);
			name = Cell;
			sourceTree = "<group>";
		};
		473A1C131E14319C0069D5DC /* Constants */ = {
			isa = PBXGroup;
			children = (
				473A1C141E1431B70069D5DC /* URLs.swift */,
			);
			name = Constants;
			sourceTree = "<group>";
		};
		473A1C211E145EE90069D5DC /* Views */ = {
			isa = PBXGroup;
			children = (
				473A1BFE1E142E410069D5DC /* LaunchScreen.storyboard */,
				473A1BF91E142E410069D5DC /* Main.storyboard */,
				473A1C221E145F150069D5DC /* HotelCollectionViewCell.xib */,
			);
			name = Views;
			sourceTree = "<group>";
		};
		473A1C2A1E1506440069D5DC /* Navigation */ = {
			isa = PBXGroup;
			children = (
				473A1C2B1E15067B0069D5DC /* POI.swift */,
			);
			name = Navigation;
			sourceTree = "<group>";
		};
		4777FFCF1E1D375B0028207D /* TajawalTests */ = {
			isa = PBXGroup;
			children = (
				4777FFD01E1D375B0028207D /* TajawalTests.swift */,
				4777FFD21E1D375B0028207D /* Info.plist */,
			);
			path = TajawalTests;
			sourceTree = "<group>";
		};
/* End PBXGroup section */

/* Begin PBXNativeTarget section */
		473A1BF11E142E410069D5DC /* Tajawal */ = {
			isa = PBXNativeTarget;
			buildConfigurationList = 473A1C041E142E410069D5DC /* Build configuration list for PBXNativeTarget "Tajawal" */;
			buildPhases = (
				473A1BEE1E142E410069D5DC /* Sources */,
				473A1BEF1E142E410069D5DC /* Frameworks */,
				473A1BF01E142E410069D5DC /* Resources */,
				473A1C0A1E1430050069D5DC /* Embed Frameworks */,
			);
			buildRules = (
			);
			dependencies = (
			);
			name = Tajawal;
			productName = Tajawal;
			productReference = 473A1BF21E142E410069D5DC /* Tajawal.app */;
			productType = "com.apple.product-type.application";
		};
		4777FFCD1E1D375B0028207D /* TajawalTests */ = {
			isa = PBXNativeTarget;
			buildConfigurationList = 4777FFD71E1D375B0028207D /* Build configuration list for PBXNativeTarget "TajawalTests" */;
			buildPhases = (
				4777FFCA1E1D375B0028207D /* Sources */,
				4777FFCB1E1D375B0028207D /* Frameworks */,
				4777FFCC1E1D375B0028207D /* Resources */,
			);
			buildRules = (
			);
			dependencies = (
				4777FFD41E1D375B0028207D /* PBXTargetDependency */,
			);
			name = TajawalTests;
			productName = TajawalTests;
			productReference = 4777FFCE1E1D375B0028207D /* TajawalTests.xctest */;
			productType = "com.apple.product-type.bundle.unit-test";
		};
/* End PBXNativeTarget section */

/* Begin PBXProject section */
		473A1BEA1E142E410069D5DC /* Project object */ = {
			isa = PBXProject;
			attributes = {
				LastSwiftUpdateCheck = 0820;
				LastUpgradeCheck = 0820;
				ORGANIZATIONNAME = "Aleksei Neronov";
				TargetAttributes = {
					473A1BF11E142E410069D5DC = {
						CreatedOnToolsVersion = 8.2.1;
						DevelopmentTeam = 5D8357SCSF;
						ProvisioningStyle = Automatic;
					};
					4777FFCD1E1D375B0028207D = {
						CreatedOnToolsVersion = 8.2.1;
						DevelopmentTeam = 5D8357SCSF;
						ProvisioningStyle = Automatic;
						TestTargetID = 473A1BF11E142E410069D5DC;
					};
				};
			};
			buildConfigurationList = 473A1BED1E142E410069D5DC /* Build configuration list for PBXProject "Tajawal" */;
			compatibilityVersion = "Xcode 3.2";
			developmentRegion = English;
			hasScannedForEncodings = 0;
			knownRegions = (
				en,
				Base,
			);
			mainGroup = 473A1BE91E142E410069D5DC;
			productRefGroup = 473A1BF31E142E410069D5DC /* Products */;
			projectDirPath = "";
			projectRoot = "";
			targets = (
				473A1BF11E142E410069D5DC /* Tajawal */,
				4777FFCD1E1D375B0028207D /* TajawalTests */,
			);
		};
/* End PBXProject section */

/* Begin PBXResourcesBuildPhase section */
		473A1BF01E142E410069D5DC /* Resources */ = {
			isa = PBXResourcesBuildPhase;
			buildActionMask = 2147483647;
			files = (
				473A1C001E142E410069D5DC /* LaunchScreen.storyboard in Resources */,
				473A1BFD1E142E410069D5DC /* Assets.xcassets in Resources */,
				473A1BFB1E142E410069D5DC /* Main.storyboard in Resources */,
				473A1C231E145F150069D5DC /* HotelCollectionViewCell.xib in Resources */,
			);
			runOnlyForDeploymentPostprocessing = 0;
		};
		4777FFCC1E1D375B0028207D /* Resources */ = {
			isa = PBXResourcesBuildPhase;
			buildActionMask = 2147483647;
			files = (
			);
			runOnlyForDeploymentPostprocessing = 0;
		};
/* End PBXResourcesBuildPhase section */

/* Begin PBXSourcesBuildPhase section */
		473A1BEE1E142E410069D5DC /* Sources */ = {
			isa = PBXSourcesBuildPhase;
			buildActionMask = 2147483647;
			files = (
				473A1C271E1478FC0069D5DC /* DetailViewController.swift in Sources */,
				473A1C101E1430950069D5DC /* Hotel.swift in Sources */,
				473A1C251E1460230069D5DC /* HotelCollectionViewCell.swift in Sources */,
				473A1C1B1E1450DA0069D5DC /* ImageCacheManager.swift in Sources */,
				473A1C121E14314E0069D5DC /* REST.swift in Sources */,
				473A1BF61E142E410069D5DC /* AppDelegate.swift in Sources */,
				473A1C151E1431B70069D5DC /* URLs.swift in Sources */,
				473A1C201E145E840069D5DC /* HotelsCollectionViewController.swift in Sources */,
				473A1C291E148CB30069D5DC /* ImageViewController.swift in Sources */,
				473A1C2C1E15067B0069D5DC /* POI.swift in Sources */,
			);
			runOnlyForDeploymentPostprocessing = 0;
		};
		4777FFCA1E1D375B0028207D /* Sources */ = {
			isa = PBXSourcesBuildPhase;
			buildActionMask = 2147483647;
			files = (
				4777FFD11E1D375B0028207D /* TajawalTests.swift in Sources */,
			);
			runOnlyForDeploymentPostprocessing = 0;
		};
/* End PBXSourcesBuildPhase section */

/* Begin PBXTargetDependency section */
		4777FFD41E1D375B0028207D /* PBXTargetDependency */ = {
			isa = PBXTargetDependency;
			target = 473A1BF11E142E410069D5DC /* Tajawal */;
			targetProxy = 4777FFD31E1D375B0028207D /* PBXContainerItemProxy */;
		};
/* End PBXTargetDependency section */

/* Begin PBXVariantGroup section */
		473A1BF91E142E410069D5DC /* Main.storyboard */ = {
			isa = PBXVariantGroup;
			children = (
				473A1BFA1E142E410069D5DC /* Base */,
			);
			name = Main.storyboard;
			sourceTree = "<group>";
		};
		473A1BFE1E142E410069D5DC /* LaunchScreen.storyboard */ = {
			isa = PBXVariantGroup;
			children = (
				473A1BFF1E142E410069D5DC /* Base */,
			);
			name = LaunchScreen.storyboard;
			sourceTree = "<group>";
		};
/* End PBXVariantGroup section */

/* Begin XCBuildConfiguration section */
		473A1C021E142E410069D5DC /* Debug */ = {
			isa = XCBuildConfiguration;
			buildSettings = {
				ALWAYS_SEARCH_USER_PATHS = NO;
				CLANG_ANALYZER_NONNULL = YES;
				CLANG_CXX_LANGUAGE_STANDARD = "gnu++0x";
				CLANG_CXX_LIBRARY = "libc++";
				CLANG_ENABLE_MODULES = YES;
				CLANG_ENABLE_OBJC_ARC = YES;
				CLANG_WARN_BOOL_CONVERSION = YES;
				CLANG_WARN_CONSTANT_CONVERSION = YES;
				CLANG_WARN_DIRECT_OBJC_ISA_USAGE = YES_ERROR;
				CLANG_WARN_DOCUMENTATION_COMMENTS = YES;
				CLANG_WARN_EMPTY_BODY = YES;
				CLANG_WARN_ENUM_CONVERSION = YES;
				CLANG_WARN_INFINITE_RECURSION = YES;
				CLANG_WARN_INT_CONVERSION = YES;
				CLANG_WARN_OBJC_ROOT_CLASS = YES_ERROR;
				CLANG_WARN_SUSPICIOUS_MOVE = YES;
				CLANG_WARN_UNREACHABLE_CODE = YES;
				CLANG_WARN__DUPLICATE_METHOD_MATCH = YES;
				"CODE_SIGN_IDENTITY[sdk=iphoneos*]" = "iPhone Developer";
				COPY_PHASE_STRIP = NO;
				DEBUG_INFORMATION_FORMAT = dwarf;
				ENABLE_STRICT_OBJC_MSGSEND = YES;
				ENABLE_TESTABILITY = YES;
				GCC_C_LANGUAGE_STANDARD = gnu99;
				GCC_DYNAMIC_NO_PIC = NO;
				GCC_NO_COMMON_BLOCKS = YES;
				GCC_OPTIMIZATION_LEVEL = 0;
				GCC_PREPROCESSOR_DEFINITIONS = (
					"DEBUG=1",
					"$(inherited)",
				);
				GCC_WARN_64_TO_32_BIT_CONVERSION = YES;
				GCC_WARN_ABOUT_RETURN_TYPE = YES_ERROR;
				GCC_WARN_UNDECLARED_SELECTOR = YES;
				GCC_WARN_UNINITIALIZED_AUTOS = YES_AGGRESSIVE;
				GCC_WARN_UNUSED_FUNCTION = YES;
				GCC_WARN_UNUSED_VARIABLE = YES;
				IPHONEOS_DEPLOYMENT_TARGET = 8.0;
				MTL_ENABLE_DEBUG_INFO = YES;
				ONLY_ACTIVE_ARCH = YES;
				SDKROOT = iphoneos;
				SWIFT_ACTIVE_COMPILATION_CONDITIONS = DEBUG;
				SWIFT_OPTIMIZATION_LEVEL = "-Onone";
				TARGETED_DEVICE_FAMILY = "1,2";
			};
			name = Debug;
		};
		473A1C031E142E410069D5DC /* Release */ = {
			isa = XCBuildConfiguration;
			buildSettings = {
				ALWAYS_SEARCH_USER_PATHS = NO;
				CLANG_ANALYZER_NONNULL = YES;
				CLANG_CXX_LANGUAGE_STANDARD = "gnu++0x";
				CLANG_CXX_LIBRARY = "libc++";
				CLANG_ENABLE_MODULES = YES;
				CLANG_ENABLE_OBJC_ARC = YES;
				CLANG_WARN_BOOL_CONVERSION = YES;
				CLANG_WARN_CONSTANT_CONVERSION = YES;
				CLANG_WARN_DIRECT_OBJC_ISA_USAGE = YES_ERROR;
				CLANG_WARN_DOCUMENTATION_COMMENTS = YES;
				CLANG_WARN_EMPTY_BODY = YES;
				CLANG_WARN_ENUM_CONVERSION = YES;
				CLANG_WARN_INFINITE_RECURSION = YES;
				CLANG_WARN_INT_CONVERSION = YES;
				CLANG_WARN_OBJC_ROOT_CLASS = YES_ERROR;
				CLANG_WARN_SUSPICIOUS_MOVE = YES;
				CLANG_WARN_UNREACHABLE_CODE = YES;
				CLANG_WARN__DUPLICATE_METHOD_MATCH = YES;
				"CODE_SIGN_IDENTITY[sdk=iphoneos*]" = "iPhone Developer";
				COPY_PHASE_STRIP = NO;
				DEBUG_INFORMATION_FORMAT = "dwarf-with-dsym";
				ENABLE_NS_ASSERTIONS = NO;
				ENABLE_STRICT_OBJC_MSGSEND = YES;
				GCC_C_LANGUAGE_STANDARD = gnu99;
				GCC_NO_COMMON_BLOCKS = YES;
				GCC_WARN_64_TO_32_BIT_CONVERSION = YES;
				GCC_WARN_ABOUT_RETURN_TYPE = YES_ERROR;
				GCC_WARN_UNDECLARED_SELECTOR = YES;
				GCC_WARN_UNINITIALIZED_AUTOS = YES_AGGRESSIVE;
				GCC_WARN_UNUSED_FUNCTION = YES;
				GCC_WARN_UNUSED_VARIABLE = YES;
				IPHONEOS_DEPLOYMENT_TARGET = 8.0;
				MTL_ENABLE_DEBUG_INFO = NO;
				SDKROOT = iphoneos;
				SWIFT_OPTIMIZATION_LEVEL = "-Owholemodule";
				TARGETED_DEVICE_FAMILY = "1,2";
				VALIDATE_PRODUCT = YES;
			};
			name = Release;
		};
		473A1C051E142E410069D5DC /* Debug */ = {
			isa = XCBuildConfiguration;
			buildSettings = {
				ASSETCATALOG_COMPILER_APPICON_NAME = AppIcon;
				DEVELOPMENT_TEAM = 5D8357SCSF;
				INFOPLIST_FILE = Tajawal/Info.plist;
				LD_RUNPATH_SEARCH_PATHS = "$(inherited) @executable_path/Frameworks";
				PRODUCT_BUNDLE_IDENTIFIER = com.alekseyneronov.Tajawal;
				PRODUCT_NAME = "$(TARGET_NAME)";
				SWIFT_VERSION = 3.0;
			};
			name = Debug;
		};
		473A1C061E142E410069D5DC /* Release */ = {
			isa = XCBuildConfiguration;
			buildSettings = {
				ASSETCATALOG_COMPILER_APPICON_NAME = AppIcon;
				DEVELOPMENT_TEAM = 5D8357SCSF;
				INFOPLIST_FILE = Tajawal/Info.plist;
				LD_RUNPATH_SEARCH_PATHS = "$(inherited) @executable_path/Frameworks";
				PRODUCT_BUNDLE_IDENTIFIER = com.alekseyneronov.Tajawal;
				PRODUCT_NAME = "$(TARGET_NAME)";
				SWIFT_VERSION = 3.0;
			};
			name = Release;
		};
		4777FFD51E1D375B0028207D /* Debug */ = {
			isa = XCBuildConfiguration;
			buildSettings = {
				BUNDLE_LOADER = "$(TEST_HOST)";
				DEVELOPMENT_TEAM = 5D8357SCSF;
				INFOPLIST_FILE = TajawalTests/Info.plist;
				IPHONEOS_DEPLOYMENT_TARGET = 10.2;
				LD_RUNPATH_SEARCH_PATHS = "$(inherited) @executable_path/Frameworks @loader_path/Frameworks";
				PRODUCT_BUNDLE_IDENTIFIER = com.alekseyneronov.TajawalTests;
				PRODUCT_NAME = "$(TARGET_NAME)";
				SWIFT_VERSION = 3.0;
				TEST_HOST = "$(BUILT_PRODUCTS_DIR)/Tajawal.app/Tajawal";
			};
			name = Debug;
		};
		4777FFD61E1D375B0028207D /* Release */ = {
			isa = XCBuildConfiguration;
			buildSettings = {
				BUNDLE_LOADER = "$(TEST_HOST)";
				DEVELOPMENT_TEAM = 5D8357SCSF;
				INFOPLIST_FILE = TajawalTests/Info.plist;
				IPHONEOS_DEPLOYMENT_TARGET = 10.2;
				LD_RUNPATH_SEARCH_PATHS = "$(inherited) @executable_path/Frameworks @loader_path/Frameworks";
				PRODUCT_BUNDLE_IDENTIFIER = com.alekseyneronov.TajawalTests;
				PRODUCT_NAME = "$(TARGET_NAME)";
				SWIFT_VERSION = 3.0;
				TEST_HOST = "$(BUILT_PRODUCTS_DIR)/Tajawal.app/Tajawal";
			};
			name = Release;
		};
/* End XCBuildConfiguration section */

/* Begin XCConfigurationList section */
		473A1BED1E142E410069D5DC /* Build configuration list for PBXProject "Tajawal" */ = {
			isa = XCConfigurationList;
			buildConfigurations = (
				473A1C021E142E410069D5DC /* Debug */,
				473A1C031E142E410069D5DC /* Release */,
			);
			defaultConfigurationIsVisible = 0;
			defaultConfigurationName = Release;
		};
		473A1C041E142E410069D5DC /* Build configuration list for PBXNativeTarget "Tajawal" */ = {
			isa = XCConfigurationList;
			buildConfigurations = (
				473A1C051E142E410069D5DC /* Debug */,
				473A1C061E142E410069D5DC /* Release */,
			);
			defaultConfigurationIsVisible = 0;
			defaultConfigurationName = Release;
		};
		4777FFD71E1D375B0028207D /* Build configuration list for PBXNativeTarget "TajawalTests" */ = {
			isa = XCConfigurationList;
			buildConfigurations = (
				4777FFD51E1D375B0028207D /* Debug */,
				4777FFD61E1D375B0028207D /* Release */,
			);
			defaultConfigurationIsVisible = 0;
		};
/* End XCConfigurationList section */
	};
	rootObject = 473A1BEA1E142E410069D5DC /* Project object */;
}
